
Microsoft Visual Studio Solution File, Format Version 12.00
# Visual Studio Version 16
VisualStudioVersion = 16.0.31105.61
MinimumVisualStudioVersion = 10.0.40219.1
Project("{FAE04EC0-301F-11D3-BF4B-00C04F79EFBC}") = "My_MVC_1_web-application", "My_MVC_1_web-application\My_MVC_1_web-application.csproj", "{5F56525B-9086-4DCE-A6AB-15DD07B3AFA0}"
EndProject
Global
	GlobalSection(SolutionConfigurationPlatforms) = preSolution
		Debug|Any CPU = Debug|Any CPU
		Release|Any CPU = Release|Any CPU
	EndGlobalSection
	GlobalSection(ProjectConfigurationPlatforms) = postSolution
		{5F56525B-9086-4DCE-A6AB-15DD07B3AFA0}.Debug|Any CPU.ActiveCfg = Debug|Any CPU
		{5F56525B-9086-4DCE-A6AB-15DD07B3AFA0}.Debug|Any CPU.Build.0 = Debug|Any CPU
		{5F56525B-9086-4DCE-A6AB-15DD07B3AFA0}.Release|Any CPU.ActiveCfg = Release|Any CPU
		{5F56525B-9086-4DCE-A6AB-15DD07B3AFA0}.Release|Any CPU.Build.0 = Release|Any CPU
	EndGlobalSection
	GlobalSection(SolutionProperties) = preSolution
		HideSolutionNode = FALSE
	EndGlobalSection
	GlobalSection(ExtensibilityGlobals) = postSolution
		SolutionGuid = {8ACE3030-F7EF-4727-AA9A-3701C88EAB89}
	EndGlobalSection
EndGlobal
